// !$*UTF8*$!
{
	archiveVersion = 1;
	classes = {
	};
	objectVersion = 55;
	objects = {

/* Begin PBXBuildFile section */
		040A759C2940891E00AFA5A3 /* AppDelegate.swift in Sources */ = {isa = PBXBuildFile; fileRef = 040A759B2940891E00AFA5A3 /* AppDelegate.swift */; };
		040A75A52940892000AFA5A3 /* Assets.xcassets in Resources */ = {isa = PBXBuildFile; fileRef = 040A75A42940892000AFA5A3 /* Assets.xcassets */; };
		040A75A82940892000AFA5A3 /* LaunchScreen.storyboard in Resources */ = {isa = PBXBuildFile; fileRef = 040A75A62940892000AFA5A3 /* LaunchScreen.storyboard */; };
		046AB34929409410008DA7BE /* MainVC.swift in Sources */ = {isa = PBXBuildFile; fileRef = 046AB34829409410008DA7BE /* MainVC.swift */; };
		046AB34B2940943D008DA7BE /* MainVC.xib in Resources */ = {isa = PBXBuildFile; fileRef = 046AB34A2940943D008DA7BE /* MainVC.xib */; };
		046AB34E294094DF008DA7BE /* MainViewModel.swift in Sources */ = {isa = PBXBuildFile; fileRef = 046AB34D294094DF008DA7BE /* MainViewModel.swift */; };
		046AB35129409560008DA7BE /* DetailVC.swift in Sources */ = {isa = PBXBuildFile; fileRef = 046AB35029409560008DA7BE /* DetailVC.swift */; };
		046AB3532940958A008DA7BE /* DetailVC.xib in Resources */ = {isa = PBXBuildFile; fileRef = 046AB3522940958A008DA7BE /* DetailVC.xib */; };
		046AB356294095A9008DA7BE /* DetailViewModel.swift in Sources */ = {isa = PBXBuildFile; fileRef = 046AB355294095A9008DA7BE /* DetailViewModel.swift */; };
		1B22B249DFAE65388E42F1C5 /* Pods_RickAndMortyApp.framework in Frameworks */ = {isa = PBXBuildFile; fileRef = 69D95CB812B90A4EEB2FB2F3 /* Pods_RickAndMortyApp.framework */; };
/* End PBXBuildFile section */

/* Begin PBXFileReference section */
		040A75982940891E00AFA5A3 /* RickAndMortyApp.app */ = {isa = PBXFileReference; explicitFileType = wrapper.application; includeInIndex = 0; path = RickAndMortyApp.app; sourceTree = BUILT_PRODUCTS_DIR; };
		040A759B2940891E00AFA5A3 /* AppDelegate.swift */ = {isa = PBXFileReference; lastKnownFileType = sourcecode.swift; path = AppDelegate.swift; sourceTree = "<group>"; };
		040A75A42940892000AFA5A3 /* Assets.xcassets */ = {isa = PBXFileReference; lastKnownFileType = folder.assetcatalog; path = Assets.xcassets; sourceTree = "<group>"; };
		040A75A72940892000AFA5A3 /* Base */ = {isa = PBXFileReference; lastKnownFileType = file.storyboard; name = Base; path = Base.lproj/LaunchScreen.storyboard; sourceTree = "<group>"; };
		040A75A92940892000AFA5A3 /* Info.plist */ = {isa = PBXFileReference; lastKnownFileType = text.plist.xml; path = Info.plist; sourceTree = "<group>"; };
		046AB34829409410008DA7BE /* MainVC.swift */ = {isa = PBXFileReference; lastKnownFileType = sourcecode.swift; path = MainVC.swift; sourceTree = "<group>"; };
		046AB34A2940943D008DA7BE /* MainVC.xib */ = {isa = PBXFileReference; lastKnownFileType = file.xib; path = MainVC.xib; sourceTree = "<group>"; };
		046AB34D294094DF008DA7BE /* MainViewModel.swift */ = {isa = PBXFileReference; lastKnownFileType = sourcecode.swift; path = MainViewModel.swift; sourceTree = "<group>"; };
		046AB35029409560008DA7BE /* DetailVC.swift */ = {isa = PBXFileReference; lastKnownFileType = sourcecode.swift; path = DetailVC.swift; sourceTree = "<group>"; };
		046AB3522940958A008DA7BE /* DetailVC.xib */ = {isa = PBXFileReference; lastKnownFileType = file.xib; path = DetailVC.xib; sourceTree = "<group>"; };
		046AB355294095A9008DA7BE /* DetailViewModel.swift */ = {isa = PBXFileReference; lastKnownFileType = sourcecode.swift; path = DetailViewModel.swift; sourceTree = "<group>"; };
		06A7FE2A60E3E7EA623C5F30 /* Pods-RickAndMortyApp.debug.xcconfig */ = {isa = PBXFileReference; includeInIndex = 1; lastKnownFileType = text.xcconfig; name = "Pods-RickAndMortyApp.debug.xcconfig"; path = "Target Support Files/Pods-RickAndMortyApp/Pods-RickAndMortyApp.debug.xcconfig"; sourceTree = "<group>"; };
		69D95CB812B90A4EEB2FB2F3 /* Pods_RickAndMortyApp.framework */ = {isa = PBXFileReference; explicitFileType = wrapper.framework; includeInIndex = 0; path = Pods_RickAndMortyApp.framework; sourceTree = BUILT_PRODUCTS_DIR; };
		B5D43BBC89F550B9669CB31E /* Pods-RickAndMortyApp.release.xcconfig */ = {isa = PBXFileReference; includeInIndex = 1; lastKnownFileType = text.xcconfig; name = "Pods-RickAndMortyApp.release.xcconfig"; path = "Target Support Files/Pods-RickAndMortyApp/Pods-RickAndMortyApp.release.xcconfig"; sourceTree = "<group>"; };
/* End PBXFileReference section */

/* Begin PBXFrameworksBuildPhase section */
		040A75952940891E00AFA5A3 /* Frameworks */ = {
			isa = PBXFrameworksBuildPhase;
			buildActionMask = 2147483647;
			files = (
				1B22B249DFAE65388E42F1C5 /* Pods_RickAndMortyApp.framework in Frameworks */,
			);
			runOnlyForDeploymentPostprocessing = 0;
		};
/* End PBXFrameworksBuildPhase section */

/* Begin PBXGroup section */
		040A758F2940891E00AFA5A3 = {
			isa = PBXGroup;
			children = (
				040A759A2940891E00AFA5A3 /* RickAndMortyApp */,
				040A75992940891E00AFA5A3 /* Products */,
				43B588460902ABE34471CD46 /* Pods */,
				D96153335CD2F23EDAD34FBE /* Frameworks */,
			);
			sourceTree = "<group>";
		};
		040A75992940891E00AFA5A3 /* Products */ = {
			isa = PBXGroup;
			children = (
				040A75982940891E00AFA5A3 /* RickAndMortyApp.app */,
			);
			name = Products;
			sourceTree = "<group>";
		};
		040A759A2940891E00AFA5A3 /* RickAndMortyApp */ = {
			isa = PBXGroup;
			children = (
				040A759B2940891E00AFA5A3 /* AppDelegate.swift */,
				046AB346294093FB008DA7BE /* Controllers */,
				046AB357294095F3008DA7BE /* Images */,
				040A75A92940892000AFA5A3 /* Info.plist */,
				046AB35829409600008DA7BE /* LaunchScreen */,
			);
			path = RickAndMortyApp;
			sourceTree = "<group>";
		};
		046AB346294093FB008DA7BE /* Controllers */ = {
			isa = PBXGroup;
			children = (
				046AB34F29409551008DA7BE /* Detail */,
				046AB34729409401008DA7BE /* Main */,
			);
			path = Controllers;
			sourceTree = "<group>";
		};
		046AB34729409401008DA7BE /* Main */ = {
			isa = PBXGroup;
			children = (
				046AB34C294094CD008DA7BE /* ViewModel */,
				046AB34829409410008DA7BE /* MainVC.swift */,
				046AB34A2940943D008DA7BE /* MainVC.xib */,
			);
			path = Main;
			sourceTree = "<group>";
		};
		046AB34C294094CD008DA7BE /* ViewModel */ = {
			isa = PBXGroup;
			children = (
				046AB34D294094DF008DA7BE /* MainViewModel.swift */,
			);
			path = ViewModel;
			sourceTree = "<group>";
		};
		046AB34F29409551008DA7BE /* Detail */ = {
			isa = PBXGroup;
			children = (
				046AB35429409598008DA7BE /* ViewModel */,
				046AB35029409560008DA7BE /* DetailVC.swift */,
				046AB3522940958A008DA7BE /* DetailVC.xib */,
			);
			path = Detail;
			sourceTree = "<group>";
		};
		046AB35429409598008DA7BE /* ViewModel */ = {
			isa = PBXGroup;
			children = (
				046AB355294095A9008DA7BE /* DetailViewModel.swift */,
			);
			path = ViewModel;
			sourceTree = "<group>";
		};
		046AB357294095F3008DA7BE /* Images */ = {
			isa = PBXGroup;
			children = (
				040A75A42940892000AFA5A3 /* Assets.xcassets */,
			);
			path = Images;
			sourceTree = "<group>";
		};
		046AB35829409600008DA7BE /* LaunchScreen */ = {
			isa = PBXGroup;
			children = (
				040A75A62940892000AFA5A3 /* LaunchScreen.storyboard */,
			);
			path = LaunchScreen;
			sourceTree = "<group>";
		};
		43B588460902ABE34471CD46 /* Pods */ = {
			isa = PBXGroup;
			children = (
				06A7FE2A60E3E7EA623C5F30 /* Pods-RickAndMortyApp.debug.xcconfig */,
				B5D43BBC89F550B9669CB31E /* Pods-RickAndMortyApp.release.xcconfig */,
			);
			name = Pods;
			path = Pods;
			sourceTree = "<group>";
		};
		D96153335CD2F23EDAD34FBE /* Frameworks */ = {
			isa = PBXGroup;
			children = (
				69D95CB812B90A4EEB2FB2F3 /* Pods_RickAndMortyApp.framework */,
			);
			name = Frameworks;
			sourceTree = "<group>";
		};
/* End PBXGroup section */

/* Begin PBXNativeTarget section */
		040A75972940891E00AFA5A3 /* RickAndMortyApp */ = {
			isa = PBXNativeTarget;
			buildConfigurationList = 040A75AC2940892000AFA5A3 /* Build configuration list for PBXNativeTarget "RickAndMortyApp" */;
			buildPhases = (
				736B3B6DD052B19F63ABEAAA /* [CP] Check Pods Manifest.lock */,
				040A75942940891E00AFA5A3 /* Sources */,
				040A75952940891E00AFA5A3 /* Frameworks */,
				040A75962940891E00AFA5A3 /* Resources */,
				BDC1DFC28FDF7701383F2315 /* [CP] Embed Pods Frameworks */,
			);
			buildRules = (
			);
			dependencies = (
			);
			name = RickAndMortyApp;
			productName = RickAndMortyApp;
			productReference = 040A75982940891E00AFA5A3 /* RickAndMortyApp.app */;
			productType = "com.apple.product-type.application";
		};
/* End PBXNativeTarget section */

/* Begin PBXProject section */
		040A75902940891E00AFA5A3 /* Project object */ = {
			isa = PBXProject;
			attributes = {
				BuildIndependentTargetsInParallel = 1;
				LastSwiftUpdateCheck = 1320;
				LastUpgradeCheck = 1320;
				TargetAttributes = {
					040A75972940891E00AFA5A3 = {
						CreatedOnToolsVersion = 13.2.1;
					};
				};
			};
			buildConfigurationList = 040A75932940891E00AFA5A3 /* Build configuration list for PBXProject "RickAndMortyApp" */;
			compatibilityVersion = "Xcode 13.0";
			developmentRegion = en;
			hasScannedForEncodings = 0;
			knownRegions = (
				en,
				Base,
			);
			mainGroup = 040A758F2940891E00AFA5A3;
			productRefGroup = 040A75992940891E00AFA5A3 /* Products */;
			projectDirPath = "";
			projectRoot = "";
			targets = (
				040A75972940891E00AFA5A3 /* RickAndMortyApp */,
			);
		};
/* End PBXProject section */

/* Begin PBXResourcesBuildPhase section */
		040A75962940891E00AFA5A3 /* Resources */ = {
			isa = PBXResourcesBuildPhase;
			buildActionMask = 2147483647;
			files = (
				040A75A82940892000AFA5A3 /* LaunchScreen.storyboard in Resources */,
				046AB3532940958A008DA7BE /* DetailVC.xib in Resources */,
				046AB34B2940943D008DA7BE /* MainVC.xib in Resources */,
				040A75A52940892000AFA5A3 /* Assets.xcassets in Resources */,
			);
			runOnlyForDeploymentPostprocessing = 0;
		};
/* End PBXResourcesBuildPhase section */

/* Begin PBXShellScriptBuildPhase section */
		736B3B6DD052B19F63ABEAAA /* [CP] Check Pods Manifest.lock */ = {
			isa = PBXShellScriptBuildPhase;
			buildActionMask = 2147483647;
			files = (
			);
			inputFileListPaths = (
			);
			inputPaths = (
				"${PODS_PODFILE_DIR_PATH}/Podfile.lock",
				"${PODS_ROOT}/Manifest.lock",
			);
			name = "[CP] Check Pods Manifest.lock";
			outputFileListPaths = (
			);
			outputPaths = (
				"$(DERIVED_FILE_DIR)/Pods-RickAndMortyApp-checkManifestLockResult.txt",
			);
			runOnlyForDeploymentPostprocessing = 0;
			shellPath = /bin/sh;
			shellScript = "diff \"${PODS_PODFILE_DIR_PATH}/Podfile.lock\" \"${PODS_ROOT}/Manifest.lock\" > /dev/null\nif [ $? != 0 ] ; then\n    # print error to STDERR\n    echo \"error: The sandbox is not in sync with the Podfile.lock. Run 'pod install' or update your CocoaPods installation.\" >&2\n    exit 1\nfi\n# This output is used by Xcode 'outputs' to avoid re-running this script phase.\necho \"SUCCESS\" > \"${SCRIPT_OUTPUT_FILE_0}\"\n";
			showEnvVarsInLog = 0;
		};
		BDC1DFC28FDF7701383F2315 /* [CP] Embed Pods Frameworks */ = {
			isa = PBXShellScriptBuildPhase;
			buildActionMask = 2147483647;
			files = (
			);
			inputFileListPaths = (
				"${PODS_ROOT}/Target Support Files/Pods-RickAndMortyApp/Pods-RickAndMortyApp-frameworks-${CONFIGURATION}-input-files.xcfilelist",
			);
			name = "[CP] Embed Pods Frameworks";
			outputFileListPaths = (
				"${PODS_ROOT}/Target Support Files/Pods-RickAndMortyApp/Pods-RickAndMortyApp-frameworks-${CONFIGURATION}-output-files.xcfilelist",
			);
			runOnlyForDeploymentPostprocessing = 0;
			shellPath = /bin/sh;
			shellScript = "\"${PODS_ROOT}/Target Support Files/Pods-RickAndMortyApp/Pods-RickAndMortyApp-frameworks.sh\"\n";
			showEnvVarsInLog = 0;
		};
/* End PBXShellScriptBuildPhase section */

/* Begin PBXSourcesBuildPhase section */
		040A75942940891E00AFA5A3 /* Sources */ = {
			isa = PBXSourcesBuildPhase;
			buildActionMask = 2147483647;
			files = (
				046AB34929409410008DA7BE /* MainVC.swift in Sources */,
				046AB35129409560008DA7BE /* DetailVC.swift in Sources */,
				040A759C2940891E00AFA5A3 /* AppDelegate.swift in Sources */,
				046AB356294095A9008DA7BE /* DetailViewModel.swift in Sources */,
				046AB34E294094DF008DA7BE /* MainViewModel.swift in Sources */,
			);
			runOnlyForDeploymentPostprocessing = 0;
		};
/* End PBXSourcesBuildPhase section */

/* Begin PBXVariantGroup section */
		040A75A62940892000AFA5A3 /* LaunchScreen.storyboard */ = {
			isa = PBXVariantGroup;
			children = (
				040A75A72940892000AFA5A3 /* Base */,
			);
			name = LaunchScreen.storyboard;
			sourceTree = "<group>";
		};
/* End PBXVariantGroup section */

/* Begin XCBuildConfiguration section */
		040A75AA2940892000AFA5A3 /* Debug */ = {
			isa = XCBuildConfiguration;
			buildSettings = {
				ALWAYS_SEARCH_USER_PATHS = NO;
				CLANG_ANALYZER_NONNULL = YES;
				CLANG_ANALYZER_NUMBER_OBJECT_CONVERSION = YES_AGGRESSIVE;
				CLANG_CXX_LANGUAGE_STANDARD = "gnu++17";
				CLANG_CXX_LIBRARY = "libc++";
				CLANG_ENABLE_MODULES = YES;
				CLANG_ENABLE_OBJC_ARC = YES;
				CLANG_ENABLE_OBJC_WEAK = YES;
				CLANG_WARN_BLOCK_CAPTURE_AUTORELEASING = YES;
				CLANG_WARN_BOOL_CONVERSION = YES;
				CLANG_WARN_COMMA = YES;
				CLANG_WARN_CONSTANT_CONVERSION = YES;
				CLANG_WARN_DEPRECATED_OBJC_IMPLEMENTATIONS = YES;
				CLANG_WARN_DIRECT_OBJC_ISA_USAGE = YES_ERROR;
				CLANG_WARN_DOCUMENTATION_COMMENTS = YES;
				CLANG_WARN_EMPTY_BODY = YES;
				CLANG_WARN_ENUM_CONVERSION = YES;
				CLANG_WARN_INFINITE_RECURSION = YES;
				CLANG_WARN_INT_CONVERSION = YES;
				CLANG_WARN_NON_LITERAL_NULL_CONVERSION = YES;
				CLANG_WARN_OBJC_IMPLICIT_RETAIN_SELF = YES;
				CLANG_WARN_OBJC_LITERAL_CONVERSION = YES;
				CLANG_WARN_OBJC_ROOT_CLASS = YES_ERROR;
				CLANG_WARN_QUOTED_INCLUDE_IN_FRAMEWORK_HEADER = YES;
				CLANG_WARN_RANGE_LOOP_ANALYSIS = YES;
				CLANG_WARN_STRICT_PROTOTYPES = YES;
				CLANG_WARN_SUSPICIOUS_MOVE = YES;
				CLANG_WARN_UNGUARDED_AVAILABILITY = YES_AGGRESSIVE;
				CLANG_WARN_UNREACHABLE_CODE = YES;
				CLANG_WARN__DUPLICATE_METHOD_MATCH = YES;
				COPY_PHASE_STRIP = NO;
				DEBUG_INFORMATION_FORMAT = dwarf;
				ENABLE_STRICT_OBJC_MSGSEND = YES;
				ENABLE_TESTABILITY = YES;
				GCC_C_LANGUAGE_STANDARD = gnu11;
				GCC_DYNAMIC_NO_PIC = NO;
				GCC_NO_COMMON_BLOCKS = YES;
				GCC_OPTIMIZATION_LEVEL = 0;
				GCC_PREPROCESSOR_DEFINITIONS = (
					"DEBUG=1",
					"$(inherited)",
				);
				GCC_WARN_64_TO_32_BIT_CONVERSION = YES;
				GCC_WARN_ABOUT_RETURN_TYPE = YES_ERROR;
				GCC_WARN_UNDECLARED_SELECTOR = YES;
				GCC_WARN_UNINITIALIZED_AUTOS = YES_AGGRESSIVE;
				GCC_WARN_UNUSED_FUNCTION = YES;
				GCC_WARN_UNUSED_VARIABLE = YES;
				IPHONEOS_DEPLOYMENT_TARGET = 15.2;
				MTL_ENABLE_DEBUG_INFO = INCLUDE_SOURCE;
				MTL_FAST_MATH = YES;
				ONLY_ACTIVE_ARCH = YES;
				SDKROOT = iphoneos;
				SWIFT_ACTIVE_COMPILATION_CONDITIONS = DEBUG;
				SWIFT_OPTIMIZATION_LEVEL = "-Onone";
			};
			name = Debug;
		};
		040A75AB2940892000AFA5A3 /* Release */ = {
			isa = XCBuildConfiguration;
			buildSettings = {
				ALWAYS_SEARCH_USER_PATHS = NO;
				CLANG_ANALYZER_NONNULL = YES;
				CLANG_ANALYZER_NUMBER_OBJECT_CONVERSION = YES_AGGRESSIVE;
				CLANG_CXX_LANGUAGE_STANDARD = "gnu++17";
				CLANG_CXX_LIBRARY = "libc++";
				CLANG_ENABLE_MODULES = YES;
				CLANG_ENABLE_OBJC_ARC = YES;
				CLANG_ENABLE_OBJC_WEAK = YES;
				CLANG_WARN_BLOCK_CAPTURE_AUTORELEASING = YES;
				CLANG_WARN_BOOL_CONVERSION = YES;
				CLANG_WARN_COMMA = YES;
				CLANG_WARN_CONSTANT_CONVERSION = YES;
				CLANG_WARN_DEPRECATED_OBJC_IMPLEMENTATIONS = YES;
				CLANG_WARN_DIRECT_OBJC_ISA_USAGE = YES_ERROR;
				CLANG_WARN_DOCUMENTATION_COMMENTS = YES;
				CLANG_WARN_EMPTY_BODY = YES;
				CLANG_WARN_ENUM_CONVERSION = YES;
				CLANG_WARN_INFINITE_RECURSION = YES;
				CLANG_WARN_INT_CONVERSION = YES;
				CLANG_WARN_NON_LITERAL_NULL_CONVERSION = YES;
				CLANG_WARN_OBJC_IMPLICIT_RETAIN_SELF = YES;
				CLANG_WARN_OBJC_LITERAL_CONVERSION = YES;
				CLANG_WARN_OBJC_ROOT_CLASS = YES_ERROR;
				CLANG_WARN_QUOTED_INCLUDE_IN_FRAMEWORK_HEADER = YES;
				CLANG_WARN_RANGE_LOOP_ANALYSIS = YES;
				CLANG_WARN_STRICT_PROTOTYPES = YES;
				CLANG_WARN_SUSPICIOUS_MOVE = YES;
				CLANG_WARN_UNGUARDED_AVAILABILITY = YES_AGGRESSIVE;
				CLANG_WARN_UNREACHABLE_CODE = YES;
				CLANG_WARN__DUPLICATE_METHOD_MATCH = YES;
				COPY_PHASE_STRIP = NO;
				DEBUG_INFORMATION_FORMAT = "dwarf-with-dsym";
				ENABLE_NS_ASSERTIONS = NO;
				ENABLE_STRICT_OBJC_MSGSEND = YES;
				GCC_C_LANGUAGE_STANDARD = gnu11;
				GCC_NO_COMMON_BLOCKS = YES;
				GCC_WARN_64_TO_32_BIT_CONVERSION = YES;
				GCC_WARN_ABOUT_RETURN_TYPE = YES_ERROR;
				GCC_WARN_UNDECLARED_SELECTOR = YES;
				GCC_WARN_UNINITIALIZED_AUTOS = YES_AGGRESSIVE;
				GCC_WARN_UNUSED_FUNCTION = YES;
				GCC_WARN_UNUSED_VARIABLE = YES;
				IPHONEOS_DEPLOYMENT_TARGET = 15.2;
				MTL_ENABLE_DEBUG_INFO = NO;
				MTL_FAST_MATH = YES;
				SDKROOT = iphoneos;
				SWIFT_COMPILATION_MODE = wholemodule;
				SWIFT_OPTIMIZATION_LEVEL = "-O";
				VALIDATE_PRODUCT = YES;
			};
			name = Release;
		};
		040A75AD2940892000AFA5A3 /* Debug */ = {
			isa = XCBuildConfiguration;
			baseConfigurationReference = 06A7FE2A60E3E7EA623C5F30 /* Pods-RickAndMortyApp.debug.xcconfig */;
			buildSettings = {
				ASSETCATALOG_COMPILER_APPICON_NAME = AppIcon;
				ASSETCATALOG_COMPILER_GLOBAL_ACCENT_COLOR_NAME = AccentColor;
				CODE_SIGN_STYLE = Automatic;
				CURRENT_PROJECT_VERSION = 1;
				DEVELOPMENT_TEAM = 728JAWZ9Z5;
				GENERATE_INFOPLIST_FILE = YES;
				INFOPLIST_FILE = RickAndMortyApp/Info.plist;
				INFOPLIST_KEY_UIApplicationSupportsIndirectInputEvents = YES;
				INFOPLIST_KEY_UILaunchStoryboardName = LaunchScreen;
				INFOPLIST_KEY_UISupportedInterfaceOrientations = UIInterfaceOrientationPortrait;
				INFOPLIST_KEY_UISupportedInterfaceOrientations_iPad = "UIInterfaceOrientationPortrait UIInterfaceOrientationPortraitUpsideDown UIInterfaceOrientationLandscapeLeft UIInterfaceOrientationLandscapeRight";
				INFOPLIST_KEY_UISupportedInterfaceOrientations_iPhone = "UIInterfaceOrientationPortrait UIInterfaceOrientationLandscapeLeft UIInterfaceOrientationLandscapeRight";
				IPHONEOS_DEPLOYMENT_TARGET = 15.0;
				LD_RUNPATH_SEARCH_PATHS = (
					"$(inherited)",
					"@executable_path/Frameworks",
				);
				MARKETING_VERSION = 1.0;
				PRODUCT_BUNDLE_IDENTIFIER = andrey.rulev.RickAndMortyApp;
				PRODUCT_NAME = "$(TARGET_NAME)";
				SWIFT_EMIT_LOC_STRINGS = YES;
				SWIFT_VERSION = 5.0;
				TARGETED_DEVICE_FAMILY = 1;
			};
			name = Debug;
		};
		040A75AE2940892000AFA5A3 /* Release */ = {
			isa = XCBuildConfiguration;
			baseConfigurationReference = B5D43BBC89F550B9669CB31E /* Pods-RickAndMortyApp.release.xcconfig */;
			buildSettings = {
				ASSETCATALOG_COMPILER_APPICON_NAME = AppIcon;
				ASSETCATALOG_COMPILER_GLOBAL_ACCENT_COLOR_NAME = AccentColor;
				CODE_SIGN_STYLE = Automatic;
				CURRENT_PROJECT_VERSION = 1;
				DEVELOPMENT_TEAM = 728JAWZ9Z5;
				GENERATE_INFOPLIST_FILE = YES;
				INFOPLIST_FILE = RickAndMortyApp/Info.plist;
				INFOPLIST_KEY_UIApplicationSupportsIndirectInputEvents = YES;
				INFOPLIST_KEY_UILaunchStoryboardName = LaunchScreen;
				INFOPLIST_KEY_UISupportedInterfaceOrientations = UIInterfaceOrientationPortrait;
				INFOPLIST_KEY_UISupportedInterfaceOrientations_iPad = "UIInterfaceOrientationPortrait UIInterfaceOrientationPortraitUpsideDown UIInterfaceOrientationLandscapeLeft UIInterfaceOrientationLandscapeRight";
				INFOPLIST_KEY_UISupportedInterfaceOrientations_iPhone = "UIInterfaceOrientationPortrait UIInterfaceOrientationLandscapeLeft UIInterfaceOrientationLandscapeRight";
				IPHONEOS_DEPLOYMENT_TARGET = 15.0;
				LD_RUNPATH_SEARCH_PATHS = (
					"$(inherited)",
					"@executable_path/Frameworks",
				);
				MARKETING_VERSION = 1.0;
				PRODUCT_BUNDLE_IDENTIFIER = andrey.rulev.RickAndMortyApp;
				PRODUCT_NAME = "$(TARGET_NAME)";
				SWIFT_EMIT_LOC_STRINGS = YES;
				SWIFT_VERSION = 5.0;
				TARGETED_DEVICE_FAMILY = 1;
			};
			name = Release;
		};
/* End XCBuildConfiguration section */

/* Begin XCConfigurationList section */
		040A75932940891E00AFA5A3 /* Build configuration list for PBXProject "RickAndMortyApp" */ = {
			isa = XCConfigurationList;
			buildConfigurations = (
				040A75AA2940892000AFA5A3 /* Debug */,
				040A75AB2940892000AFA5A3 /* Release */,
			);
			defaultConfigurationIsVisible = 0;
			defaultConfigurationName = Release;
		};
		040A75AC2940892000AFA5A3 /* Build configuration list for PBXNativeTarget "RickAndMortyApp" */ = {
			isa = XCConfigurationList;
			buildConfigurations = (
				040A75AD2940892000AFA5A3 /* Debug */,
				040A75AE2940892000AFA5A3 /* Release */,
			);
			defaultConfigurationIsVisible = 0;
			defaultConfigurationName = Release;
		};
/* End XCConfigurationList section */
	};
	rootObject = 040A75902940891E00AFA5A3 /* Project object */;
}
